
Microsoft Visual Studio Solution File, Format Version 12.00
# Visual Studio Version 17
VisualStudioVersion = 17.0.31912.275
MinimumVisualStudioVersion = 10.0.40219.1
Project("{9A19103F-16F7-4668-BE54-9A1E7A4F7556}") = "Checkout", "Checkout\Checkout.csproj", "{1E645CDC-0ED8-4FFE-A1DC-F5FC3866359D}"
EndProject
Project("{9A19103F-16F7-4668-BE54-9A1E7A4F7556}") = "Footer", "Footer\Footer.csproj", "{834DBC1E-BC19-418B-8E77-122BB6EC3806}"
EndProject
Project("{9A19103F-16F7-4668-BE54-9A1E7A4F7556}") = "Header", "Header\Header.csproj", "{8DF325EC-039F-4598-BC12-8F36D85EF267}"
EndProject
Project("{9A19103F-16F7-4668-BE54-9A1E7A4F7556}") = "Landing", "Landing\Landing.csproj", "{CAAAD301-0A26-4986-B9B2-33A43128E874}"
EndProject
Project("{9A19103F-16F7-4668-BE54-9A1E7A4F7556}") = "MicroService", "MicroService\MicroService.csproj", "{AF016ADA-F99B-4B5B-BBB4-88BCB8DE5CAF}"
EndProject
Project("{2150E333-8FDC-42A3-9474-1A3956D46DE8}") = "Microfrontends", "Microfrontends", "{6A1BA92E-8095-4300-9F2C-234DA748363F}"
EndProject
Project("{2150E333-8FDC-42A3-9474-1A3956D46DE8}") = "Microservices", "Microservices", "{46D39151-4FA2-4AD9-815D-5ED421AED46D}"
EndProject
Project("{9A19103F-16F7-4668-BE54-9A1E7A4F7556}") = "ProductDetail", "ProductDetail\ProductDetail.csproj", "{BBA629A6-EC14-48F6-B926-7A4C9AC1DB43}"
EndProject
Project("{9A19103F-16F7-4668-BE54-9A1E7A4F7556}") = "Search", "Search\Search.csproj", "{4F6A70B9-F850-40BA-A3C1-81563DB1F25D}"
EndProject
Project("{9A19103F-16F7-4668-BE54-9A1E7A4F7556}") = "Shell", "Shell\Shell.csproj", "{5ABD1AA8-E3DA-46DB-B8A5-921EAA5622B4}"
EndProject
Global
	GlobalSection(SolutionConfigurationPlatforms) = preSolution
		Debug|Any CPU = Debug|Any CPU
		Release|Any CPU = Release|Any CPU
	EndGlobalSection
	GlobalSection(ProjectConfigurationPlatforms) = postSolution
		{1E645CDC-0ED8-4FFE-A1DC-F5FC3866359D}.Debug|Any CPU.ActiveCfg = Debug|Any CPU
		{1E645CDC-0ED8-4FFE-A1DC-F5FC3866359D}.Debug|Any CPU.Build.0 = Debug|Any CPU
		{1E645CDC-0ED8-4FFE-A1DC-F5FC3866359D}.Release|Any CPU.ActiveCfg = Release|Any CPU
		{1E645CDC-0ED8-4FFE-A1DC-F5FC3866359D}.Release|Any CPU.Build.0 = Release|Any CPU
		{834DBC1E-BC19-418B-8E77-122BB6EC3806}.Debug|Any CPU.ActiveCfg = Debug|Any CPU
		{834DBC1E-BC19-418B-8E77-122BB6EC3806}.Debug|Any CPU.Build.0 = Debug|Any CPU
		{834DBC1E-BC19-418B-8E77-122BB6EC3806}.Release|Any CPU.ActiveCfg = Release|Any CPU
		{834DBC1E-BC19-418B-8E77-122BB6EC3806}.Release|Any CPU.Build.0 = Release|Any CPU
		{8DF325EC-039F-4598-BC12-8F36D85EF267}.Debug|Any CPU.ActiveCfg = Debug|Any CPU
		{8DF325EC-039F-4598-BC12-8F36D85EF267}.Debug|Any CPU.Build.0 = Debug|Any CPU
		{8DF325EC-039F-4598-BC12-8F36D85EF267}.Release|Any CPU.ActiveCfg = Release|Any CPU
		{8DF325EC-039F-4598-BC12-8F36D85EF267}.Release|Any CPU.Build.0 = Release|Any CPU
		{CAAAD301-0A26-4986-B9B2-33A43128E874}.Debug|Any CPU.ActiveCfg = Debug|Any CPU
		{CAAAD301-0A26-4986-B9B2-33A43128E874}.Debug|Any CPU.Build.0 = Debug|Any CPU
		{CAAAD301-0A26-4986-B9B2-33A43128E874}.Release|Any CPU.ActiveCfg = Release|Any CPU
		{CAAAD301-0A26-4986-B9B2-33A43128E874}.Release|Any CPU.Build.0 = Release|Any CPU
		{AF016ADA-F99B-4B5B-BBB4-88BCB8DE5CAF}.Debug|Any CPU.ActiveCfg = Debug|Any CPU
		{AF016ADA-F99B-4B5B-BBB4-88BCB8DE5CAF}.Debug|Any CPU.Build.0 = Debug|Any CPU
		{AF016ADA-F99B-4B5B-BBB4-88BCB8DE5CAF}.Release|Any CPU.ActiveCfg = Release|Any CPU
		{AF016ADA-F99B-4B5B-BBB4-88BCB8DE5CAF}.Release|Any CPU.Build.0 = Release|Any CPU
		{BBA629A6-EC14-48F6-B926-7A4C9AC1DB43}.Debug|Any CPU.ActiveCfg = Debug|Any CPU
		{BBA629A6-EC14-48F6-B926-7A4C9AC1DB43}.Debug|Any CPU.Build.0 = Debug|Any CPU
		{BBA629A6-EC14-48F6-B926-7A4C9AC1DB43}.Release|Any CPU.ActiveCfg = Release|Any CPU
		{BBA629A6-EC14-48F6-B926-7A4C9AC1DB43}.Release|Any CPU.Build.0 = Release|Any CPU
		{4F6A70B9-F850-40BA-A3C1-81563DB1F25D}.Debug|Any CPU.ActiveCfg = Debug|Any CPU
		{4F6A70B9-F850-40BA-A3C1-81563DB1F25D}.Debug|Any CPU.Build.0 = Debug|Any CPU
		{4F6A70B9-F850-40BA-A3C1-81563DB1F25D}.Release|Any CPU.ActiveCfg = Release|Any CPU
		{4F6A70B9-F850-40BA-A3C1-81563DB1F25D}.Release|Any CPU.Build.0 = Release|Any CPU
		{5ABD1AA8-E3DA-46DB-B8A5-921EAA5622B4}.Debug|Any CPU.ActiveCfg = Debug|Any CPU
		{5ABD1AA8-E3DA-46DB-B8A5-921EAA5622B4}.Debug|Any CPU.Build.0 = Debug|Any CPU
		{5ABD1AA8-E3DA-46DB-B8A5-921EAA5622B4}.Release|Any CPU.ActiveCfg = Release|Any CPU
		{5ABD1AA8-E3DA-46DB-B8A5-921EAA5622B4}.Release|Any CPU.Build.0 = Release|Any CPU
	EndGlobalSection
	GlobalSection(SolutionProperties) = preSolution
		HideSolutionNode = FALSE
	EndGlobalSection
	GlobalSection(NestedProjects) = preSolution
		{1E645CDC-0ED8-4FFE-A1DC-F5FC3866359D} = {6A1BA92E-8095-4300-9F2C-234DA748363F}
		{834DBC1E-BC19-418B-8E77-122BB6EC3806} = {6A1BA92E-8095-4300-9F2C-234DA748363F}
		{8DF325EC-039F-4598-BC12-8F36D85EF267} = {6A1BA92E-8095-4300-9F2C-234DA748363F}
		{CAAAD301-0A26-4986-B9B2-33A43128E874} = {6A1BA92E-8095-4300-9F2C-234DA748363F}
		{AF016ADA-F99B-4B5B-BBB4-88BCB8DE5CAF} = {46D39151-4FA2-4AD9-815D-5ED421AED46D}
		{BBA629A6-EC14-48F6-B926-7A4C9AC1DB43} = {6A1BA92E-8095-4300-9F2C-234DA748363F}
		{4F6A70B9-F850-40BA-A3C1-81563DB1F25D} = {6A1BA92E-8095-4300-9F2C-234DA748363F}
		{5ABD1AA8-E3DA-46DB-B8A5-921EAA5622B4} = {6A1BA92E-8095-4300-9F2C-234DA748363F}
	EndGlobalSection
	GlobalSection(ExtensibilityGlobals) = postSolution
		SolutionGuid = {0694C017-2AD9-4A4F-A4F3-98FDD189FD68}
	EndGlobalSection
EndGlobal
